apiVersion: vendir.k14s.io/v1alpha1
directories:
- contents:
  - git:
      commitTitle: 'feat: adjust common labels...'
      sha: 7351e4141b7cd46315209d36f8dfe3f6b972d500
      tags:
      - v0.0.0-alpha.3
    path: .
  path: config/vendor/certificates
- contents:
  - git:
      commitTitle: 'fix: user nodeAffinity as opposed to node selector...'
      sha: f5919c69f431f9bacc244cd7d68a1bd78579ba45
      tags:
      - v0.0.0-alpha.3
    path: .
  path: config/vendor/identity
kind: LockConfig
