apiVersion: vendir.k14s.io/v1alpha1
directories:
- contents:
  - git:
      commitTitle: 'ci: ensure kustomization stays at latest...'
      sha: 89d806baa19a886cb5e6babb3de77835f220861d
      tags:
      - v0.0.0-alpha.2
    path: .
  path: config/vendor/certificates
- contents:
  - git:
      commitTitle: 'ci: ensure kustomization stays at latest...'
      sha: 211aa9dd510c90b51a6958a6e1448d6aed30c847
      tags:
      - v0.0.0-alpha.2
    path: .
  path: config/vendor/identity
kind: LockConfig
