apiVersion: vendir.k14s.io/v1alpha1
directories:
- contents:
  - git:
      commitTitle: 'chore: add license to managed assets...'
      sha: e61a2ebe4362ee2cce69e0c06fd014fe5babb822
      tags:
      - v0.0.0-alpha.1-1-ge61a2eb
    path: .
  path: config/vendor/certificates
- contents:
  - git:
      commitTitle: 'ci: add release workflow...'
      sha: ab7956ee075ed02e797f3d994254323a9bf82788
      tags:
      - v0.0.0-alpha.1
    path: .
  path: config/vendor/identity
kind: LockConfig
